
Microsoft Visual Studio Solution File, Format Version 12.00
# Visual Studio Version 16
VisualStudioVersion = 16.0.29911.84
MinimumVisualStudioVersion = 10.0.40219.1
Project("{FAE04EC0-301F-11D3-BF4B-00C04F79EFBC}") = "Laboratorio1", "Laboratorio1\Laboratorio1.csproj", "{8294EEA0-E42F-4A4B-BFD6-DAF55028C51B}"
EndProject
Global
	GlobalSection(SolutionConfigurationPlatforms) = preSolution
		Debug|Any CPU = Debug|Any CPU
		Release|Any CPU = Release|Any CPU
	EndGlobalSection
	GlobalSection(ProjectConfigurationPlatforms) = postSolution
		{8294EEA0-E42F-4A4B-BFD6-DAF55028C51B}.Debug|Any CPU.ActiveCfg = Debug|Any CPU
		{8294EEA0-E42F-4A4B-BFD6-DAF55028C51B}.Debug|Any CPU.Build.0 = Debug|Any CPU
		{8294EEA0-E42F-4A4B-BFD6-DAF55028C51B}.Release|Any CPU.ActiveCfg = Release|Any CPU
		{8294EEA0-E42F-4A4B-BFD6-DAF55028C51B}.Release|Any CPU.Build.0 = Release|Any CPU
	EndGlobalSection
	GlobalSection(SolutionProperties) = preSolution
		HideSolutionNode = FALSE
	EndGlobalSection
	GlobalSection(ExtensibilityGlobals) = postSolution
		SolutionGuid = {ADF552DC-B68F-44E9-B603-B67CE4B43263}
	EndGlobalSection
EndGlobal
